// !$*UTF8*$!
{
	archiveVersion = 1;
	classes = {
	};
	objectVersion = 46;
	objects = {

/* Begin PBXBuildFile section */
		8D6680DB1BC6CE56004F9A16 /* AppDelegate.swift in Sources */ = {isa = PBXBuildFile; fileRef = 8D6680DA1BC6CE56004F9A16 /* AppDelegate.swift */; };
		8D6680DD1BC6CE56004F9A16 /* TabBarViewController.swift in Sources */ = {isa = PBXBuildFile; fileRef = 8D6680DC1BC6CE56004F9A16 /* TabBarViewController.swift */; };
		8D6680E01BC6CE56004F9A16 /* Main.storyboard in Resources */ = {isa = PBXBuildFile; fileRef = 8D6680DE1BC6CE56004F9A16 /* Main.storyboard */; };
		8D6680E21BC6CE56004F9A16 /* Assets.xcassets in Resources */ = {isa = PBXBuildFile; fileRef = 8D6680E11BC6CE56004F9A16 /* Assets.xcassets */; };
		8D6680F01BC6CE56004F9A16 /* tumblrTests.swift in Sources */ = {isa = PBXBuildFile; fileRef = 8D6680EF1BC6CE56004F9A16 /* tumblrTests.swift */; };
		8D6680FB1BC6CE56004F9A16 /* tumblrUITests.swift in Sources */ = {isa = PBXBuildFile; fileRef = 8D6680FA1BC6CE56004F9A16 /* tumblrUITests.swift */; };
		8D66810A1BC6D25A004F9A16 /* HomeViewController.swift in Sources */ = {isa = PBXBuildFile; fileRef = 8D6681091BC6D25A004F9A16 /* HomeViewController.swift */; };
		8D66810C1BC6D265004F9A16 /* SearchViewController.swift in Sources */ = {isa = PBXBuildFile; fileRef = 8D66810B1BC6D265004F9A16 /* SearchViewController.swift */; };
		8D66810E1BC6D26E004F9A16 /* ComposeViewController.swift in Sources */ = {isa = PBXBuildFile; fileRef = 8D66810D1BC6D26E004F9A16 /* ComposeViewController.swift */; };
		8D6681101BC6D276004F9A16 /* AccountViewController.swift in Sources */ = {isa = PBXBuildFile; fileRef = 8D66810F1BC6D276004F9A16 /* AccountViewController.swift */; };
		8D6681121BC6D2A6004F9A16 /* TrendingViewController.swift in Sources */ = {isa = PBXBuildFile; fileRef = 8D6681111BC6D2A6004F9A16 /* TrendingViewController.swift */; };
/* End PBXBuildFile section */

/* Begin PBXContainerItemProxy section */
		8D6680EC1BC6CE56004F9A16 /* PBXContainerItemProxy */ = {
			isa = PBXContainerItemProxy;
			containerPortal = 8D6680CF1BC6CE56004F9A16 /* Project object */;
			proxyType = 1;
			remoteGlobalIDString = 8D6680D61BC6CE56004F9A16;
			remoteInfo = tumblr;
		};
		8D6680F71BC6CE56004F9A16 /* PBXContainerItemProxy */ = {
			isa = PBXContainerItemProxy;
			containerPortal = 8D6680CF1BC6CE56004F9A16 /* Project object */;
			proxyType = 1;
			remoteGlobalIDString = 8D6680D61BC6CE56004F9A16;
			remoteInfo = tumblr;
		};
/* End PBXContainerItemProxy section */

/* Begin PBXFileReference section */
		8D6680D71BC6CE56004F9A16 /* tumblr.app */ = {isa = PBXFileReference; explicitFileType = wrapper.application; includeInIndex = 0; path = tumblr.app; sourceTree = BUILT_PRODUCTS_DIR; };
		8D6680DA1BC6CE56004F9A16 /* AppDelegate.swift */ = {isa = PBXFileReference; lastKnownFileType = sourcecode.swift; path = AppDelegate.swift; sourceTree = "<group>"; };
		8D6680DC1BC6CE56004F9A16 /* TabBarViewController.swift */ = {isa = PBXFileReference; lastKnownFileType = sourcecode.swift; path = TabBarViewController.swift; sourceTree = "<group>"; };
		8D6680DF1BC6CE56004F9A16 /* Base */ = {isa = PBXFileReference; lastKnownFileType = file.storyboard; name = Base; path = Base.lproj/Main.storyboard; sourceTree = "<group>"; };
		8D6680E11BC6CE56004F9A16 /* Assets.xcassets */ = {isa = PBXFileReference; lastKnownFileType = folder.assetcatalog; path = Assets.xcassets; sourceTree = "<group>"; };
		8D6680E61BC6CE56004F9A16 /* Info.plist */ = {isa = PBXFileReference; lastKnownFileType = text.plist.xml; path = Info.plist; sourceTree = "<group>"; };
		8D6680EB1BC6CE56004F9A16 /* tumblrTests.xctest */ = {isa = PBXFileReference; explicitFileType = wrapper.cfbundle; includeInIndex = 0; path = tumblrTests.xctest; sourceTree = BUILT_PRODUCTS_DIR; };
		8D6680EF1BC6CE56004F9A16 /* tumblrTests.swift */ = {isa = PBXFileReference; lastKnownFileType = sourcecode.swift; path = tumblrTests.swift; sourceTree = "<group>"; };
		8D6680F11BC6CE56004F9A16 /* Info.plist */ = {isa = PBXFileReference; lastKnownFileType = text.plist.xml; path = Info.plist; sourceTree = "<group>"; };
		8D6680F61BC6CE56004F9A16 /* tumblrUITests.xctest */ = {isa = PBXFileReference; explicitFileType = wrapper.cfbundle; includeInIndex = 0; path = tumblrUITests.xctest; sourceTree = BUILT_PRODUCTS_DIR; };
		8D6680FA1BC6CE56004F9A16 /* tumblrUITests.swift */ = {isa = PBXFileReference; lastKnownFileType = sourcecode.swift; path = tumblrUITests.swift; sourceTree = "<group>"; };
		8D6680FC1BC6CE56004F9A16 /* Info.plist */ = {isa = PBXFileReference; lastKnownFileType = text.plist.xml; path = Info.plist; sourceTree = "<group>"; };
		8D6681091BC6D25A004F9A16 /* HomeViewController.swift */ = {isa = PBXFileReference; fileEncoding = 4; lastKnownFileType = sourcecode.swift; path = HomeViewController.swift; sourceTree = "<group>"; };
		8D66810B1BC6D265004F9A16 /* SearchViewController.swift */ = {isa = PBXFileReference; fileEncoding = 4; lastKnownFileType = sourcecode.swift; path = SearchViewController.swift; sourceTree = "<group>"; };
		8D66810D1BC6D26E004F9A16 /* ComposeViewController.swift */ = {isa = PBXFileReference; fileEncoding = 4; lastKnownFileType = sourcecode.swift; path = ComposeViewController.swift; sourceTree = "<group>"; };
		8D66810F1BC6D276004F9A16 /* AccountViewController.swift */ = {isa = PBXFileReference; fileEncoding = 4; lastKnownFileType = sourcecode.swift; path = AccountViewController.swift; sourceTree = "<group>"; };
		8D6681111BC6D2A6004F9A16 /* TrendingViewController.swift */ = {isa = PBXFileReference; fileEncoding = 4; lastKnownFileType = sourcecode.swift; path = TrendingViewController.swift; sourceTree = "<group>"; };
/* End PBXFileReference section */

/* Begin PBXFrameworksBuildPhase section */
		8D6680D41BC6CE56004F9A16 /* Frameworks */ = {
			isa = PBXFrameworksBuildPhase;
			buildActionMask = 2147483647;
			files = (
			);
			runOnlyForDeploymentPostprocessing = 0;
		};
		8D6680E81BC6CE56004F9A16 /* Frameworks */ = {
			isa = PBXFrameworksBuildPhase;
			buildActionMask = 2147483647;
			files = (
			);
			runOnlyForDeploymentPostprocessing = 0;
		};
		8D6680F31BC6CE56004F9A16 /* Frameworks */ = {
			isa = PBXFrameworksBuildPhase;
			buildActionMask = 2147483647;
			files = (
			);
			runOnlyForDeploymentPostprocessing = 0;
		};
/* End PBXFrameworksBuildPhase section */

/* Begin PBXGroup section */
		8D6680CE1BC6CE56004F9A16 = {
			isa = PBXGroup;
			children = (
				8D6680D91BC6CE56004F9A16 /* tumblr */,
				8D6680F91BC6CE56004F9A16 /* tumblrUITests */,
				8D6680EE1BC6CE56004F9A16 /* tumblrTests */,
				8D6680D81BC6CE56004F9A16 /* Products */,
			);
			sourceTree = "<group>";
		};
		8D6680D81BC6CE56004F9A16 /* Products */ = {
			isa = PBXGroup;
			children = (
				8D6680D71BC6CE56004F9A16 /* tumblr.app */,
				8D6680EB1BC6CE56004F9A16 /* tumblrTests.xctest */,
				8D6680F61BC6CE56004F9A16 /* tumblrUITests.xctest */,
			);
			name = Products;
			sourceTree = "<group>";
		};
		8D6680D91BC6CE56004F9A16 /* tumblr */ = {
			isa = PBXGroup;
			children = (
				8D6680DC1BC6CE56004F9A16 /* TabBarViewController.swift */,
				8D6681091BC6D25A004F9A16 /* HomeViewController.swift */,
				8D66810B1BC6D265004F9A16 /* SearchViewController.swift */,
				8D66810D1BC6D26E004F9A16 /* ComposeViewController.swift */,
				8D66810F1BC6D276004F9A16 /* AccountViewController.swift */,
				8D6681111BC6D2A6004F9A16 /* TrendingViewController.swift */,
				8D6680DE1BC6CE56004F9A16 /* Main.storyboard */,
				8D6681081BC6CE71004F9A16 /* Supporting Files */,
			);
			path = tumblr;
			sourceTree = "<group>";
		};
		8D6680EE1BC6CE56004F9A16 /* tumblrTests */ = {
			isa = PBXGroup;
			children = (
				8D6680EF1BC6CE56004F9A16 /* tumblrTests.swift */,
				8D6680F11BC6CE56004F9A16 /* Info.plist */,
			);
			path = tumblrTests;
			sourceTree = SOURCE_ROOT;
		};
		8D6680F91BC6CE56004F9A16 /* tumblrUITests */ = {
			isa = PBXGroup;
			children = (
				8D6680FA1BC6CE56004F9A16 /* tumblrUITests.swift */,
				8D6680FC1BC6CE56004F9A16 /* Info.plist */,
			);
			path = tumblrUITests;
			sourceTree = "<group>";
		};
		8D6681081BC6CE71004F9A16 /* Supporting Files */ = {
			isa = PBXGroup;
			children = (
				8D6680E11BC6CE56004F9A16 /* Assets.xcassets */,
				8D6680DA1BC6CE56004F9A16 /* AppDelegate.swift */,
				8D6680E61BC6CE56004F9A16 /* Info.plist */,
			);
			name = "Supporting Files";
			sourceTree = "<group>";
		};
/* End PBXGroup section */

/* Begin PBXNativeTarget section */
		8D6680D61BC6CE56004F9A16 /* tumblr */ = {
			isa = PBXNativeTarget;
			buildConfigurationList = 8D6680FF1BC6CE56004F9A16 /* Build configuration list for PBXNativeTarget "tumblr" */;
			buildPhases = (
				8D6680D31BC6CE56004F9A16 /* Sources */,
				8D6680D41BC6CE56004F9A16 /* Frameworks */,
				8D6680D51BC6CE56004F9A16 /* Resources */,
			);
			buildRules = (
			);
			dependencies = (
			);
			name = tumblr;
			productName = tumblr;
			productReference = 8D6680D71BC6CE56004F9A16 /* tumblr.app */;
			productType = "com.apple.product-type.application";
		};
		8D6680EA1BC6CE56004F9A16 /* tumblrTests */ = {
			isa = PBXNativeTarget;
			buildConfigurationList = 8D6681021BC6CE56004F9A16 /* Build configuration list for PBXNativeTarget "tumblrTests" */;
			buildPhases = (
				8D6680E71BC6CE56004F9A16 /* Sources */,
				8D6680E81BC6CE56004F9A16 /* Frameworks */,
				8D6680E91BC6CE56004F9A16 /* Resources */,
			);
			buildRules = (
			);
			dependencies = (
				8D6680ED1BC6CE56004F9A16 /* PBXTargetDependency */,
			);
			name = tumblrTests;
			productName = tumblrTests;
			productReference = 8D6680EB1BC6CE56004F9A16 /* tumblrTests.xctest */;
			productType = "com.apple.product-type.bundle.unit-test";
		};
		8D6680F51BC6CE56004F9A16 /* tumblrUITests */ = {
			isa = PBXNativeTarget;
			buildConfigurationList = 8D6681051BC6CE56004F9A16 /* Build configuration list for PBXNativeTarget "tumblrUITests" */;
			buildPhases = (
				8D6680F21BC6CE56004F9A16 /* Sources */,
				8D6680F31BC6CE56004F9A16 /* Frameworks */,
				8D6680F41BC6CE56004F9A16 /* Resources */,
			);
			buildRules = (
			);
			dependencies = (
				8D6680F81BC6CE56004F9A16 /* PBXTargetDependency */,
			);
			name = tumblrUITests;
			productName = tumblrUITests;
			productReference = 8D6680F61BC6CE56004F9A16 /* tumblrUITests.xctest */;
			productType = "com.apple.product-type.bundle.ui-testing";
		};
/* End PBXNativeTarget section */

/* Begin PBXProject section */
		8D6680CF1BC6CE56004F9A16 /* Project object */ = {
			isa = PBXProject;
			attributes = {
				LastUpgradeCheck = 0710;
				ORGANIZATIONNAME = "Matthew Sniff";
				TargetAttributes = {
					8D6680D61BC6CE56004F9A16 = {
						CreatedOnToolsVersion = 7.1;
					};
					8D6680EA1BC6CE56004F9A16 = {
						CreatedOnToolsVersion = 7.1;
						TestTargetID = 8D6680D61BC6CE56004F9A16;
					};
					8D6680F51BC6CE56004F9A16 = {
						CreatedOnToolsVersion = 7.1;
						TestTargetID = 8D6680D61BC6CE56004F9A16;
					};
				};
			};
			buildConfigurationList = 8D6680D21BC6CE56004F9A16 /* Build configuration list for PBXProject "tumblr" */;
			compatibilityVersion = "Xcode 3.2";
			developmentRegion = English;
			hasScannedForEncodings = 0;
			knownRegions = (
				en,
				Base,
			);
			mainGroup = 8D6680CE1BC6CE56004F9A16;
			productRefGroup = 8D6680D81BC6CE56004F9A16 /* Products */;
			projectDirPath = "";
			projectRoot = "";
			targets = (
				8D6680D61BC6CE56004F9A16 /* tumblr */,
				8D6680EA1BC6CE56004F9A16 /* tumblrTests */,
				8D6680F51BC6CE56004F9A16 /* tumblrUITests */,
			);
		};
/* End PBXProject section */

/* Begin PBXResourcesBuildPhase section */
		8D6680D51BC6CE56004F9A16 /* Resources */ = {
			isa = PBXResourcesBuildPhase;
			buildActionMask = 2147483647;
			files = (
				8D6680E21BC6CE56004F9A16 /* Assets.xcassets in Resources */,
				8D6680E01BC6CE56004F9A16 /* Main.storyboard in Resources */,
			);
			runOnlyForDeploymentPostprocessing = 0;
		};
		8D6680E91BC6CE56004F9A16 /* Resources */ = {
			isa = PBXResourcesBuildPhase;
			buildActionMask = 2147483647;
			files = (
			);
			runOnlyForDeploymentPostprocessing = 0;
		};
		8D6680F41BC6CE56004F9A16 /* Resources */ = {
			isa = PBXResourcesBuildPhase;
			buildActionMask = 2147483647;
			files = (
			);
			runOnlyForDeploymentPostprocessing = 0;
		};
/* End PBXResourcesBuildPhase section */

/* Begin PBXSourcesBuildPhase section */
		8D6680D31BC6CE56004F9A16 /* Sources */ = {
			isa = PBXSourcesBuildPhase;
			buildActionMask = 2147483647;
			files = (
				8D6681121BC6D2A6004F9A16 /* TrendingViewController.swift in Sources */,
				8D66810E1BC6D26E004F9A16 /* ComposeViewController.swift in Sources */,
				8D6680DD1BC6CE56004F9A16 /* TabBarViewController.swift in Sources */,
				8D6681101BC6D276004F9A16 /* AccountViewController.swift in Sources */,
				8D6680DB1BC6CE56004F9A16 /* AppDelegate.swift in Sources */,
				8D66810C1BC6D265004F9A16 /* SearchViewController.swift in Sources */,
				8D66810A1BC6D25A004F9A16 /* HomeViewController.swift in Sources */,
			);
			runOnlyForDeploymentPostprocessing = 0;
		};
		8D6680E71BC6CE56004F9A16 /* Sources */ = {
			isa = PBXSourcesBuildPhase;
			buildActionMask = 2147483647;
			files = (
				8D6680F01BC6CE56004F9A16 /* tumblrTests.swift in Sources */,
			);
			runOnlyForDeploymentPostprocessing = 0;
		};
		8D6680F21BC6CE56004F9A16 /* Sources */ = {
			isa = PBXSourcesBuildPhase;
			buildActionMask = 2147483647;
			files = (
				8D6680FB1BC6CE56004F9A16 /* tumblrUITests.swift in Sources */,
			);
			runOnlyForDeploymentPostprocessing = 0;
		};
/* End PBXSourcesBuildPhase section */

/* Begin PBXTargetDependency section */
		8D6680ED1BC6CE56004F9A16 /* PBXTargetDependency */ = {
			isa = PBXTargetDependency;
			target = 8D6680D61BC6CE56004F9A16 /* tumblr */;
			targetProxy = 8D6680EC1BC6CE56004F9A16 /* PBXContainerItemProxy */;
		};
		8D6680F81BC6CE56004F9A16 /* PBXTargetDependency */ = {
			isa = PBXTargetDependency;
			target = 8D6680D61BC6CE56004F9A16 /* tumblr */;
			targetProxy = 8D6680F71BC6CE56004F9A16 /* PBXContainerItemProxy */;
		};
/* End PBXTargetDependency section */

/* Begin PBXVariantGroup section */
		8D6680DE1BC6CE56004F9A16 /* Main.storyboard */ = {
			isa = PBXVariantGroup;
			children = (
				8D6680DF1BC6CE56004F9A16 /* Base */,
			);
			name = Main.storyboard;
			sourceTree = "<group>";
		};
/* End PBXVariantGroup section */

/* Begin XCBuildConfiguration section */
		8D6680FD1BC6CE56004F9A16 /* Debug */ = {
			isa = XCBuildConfiguration;
			buildSettings = {
				ALWAYS_SEARCH_USER_PATHS = NO;
				CLANG_CXX_LANGUAGE_STANDARD = "gnu++0x";
				CLANG_CXX_LIBRARY = "libc++";
				CLANG_ENABLE_MODULES = YES;
				CLANG_ENABLE_OBJC_ARC = YES;
				CLANG_WARN_BOOL_CONVERSION = YES;
				CLANG_WARN_CONSTANT_CONVERSION = YES;
				CLANG_WARN_DIRECT_OBJC_ISA_USAGE = YES_ERROR;
				CLANG_WARN_EMPTY_BODY = YES;
				CLANG_WARN_ENUM_CONVERSION = YES;
				CLANG_WARN_INT_CONVERSION = YES;
				CLANG_WARN_OBJC_ROOT_CLASS = YES_ERROR;
				CLANG_WARN_UNREACHABLE_CODE = YES;
				CLANG_WARN__DUPLICATE_METHOD_MATCH = YES;
				"CODE_SIGN_IDENTITY[sdk=iphoneos*]" = "iPhone Developer";
				COPY_PHASE_STRIP = NO;
				DEBUG_INFORMATION_FORMAT = dwarf;
				ENABLE_STRICT_OBJC_MSGSEND = YES;
				ENABLE_TESTABILITY = YES;
				GCC_C_LANGUAGE_STANDARD = gnu99;
				GCC_DYNAMIC_NO_PIC = NO;
				GCC_NO_COMMON_BLOCKS = YES;
				GCC_OPTIMIZATION_LEVEL = 0;
				GCC_PREPROCESSOR_DEFINITIONS = (
					"DEBUG=1",
					"$(inherited)",
				);
				GCC_WARN_64_TO_32_BIT_CONVERSION = YES;
				GCC_WARN_ABOUT_RETURN_TYPE = YES_ERROR;
				GCC_WARN_UNDECLARED_SELECTOR = YES;
				GCC_WARN_UNINITIALIZED_AUTOS = YES_AGGRESSIVE;
				GCC_WARN_UNUSED_FUNCTION = YES;
				GCC_WARN_UNUSED_VARIABLE = YES;
				IPHONEOS_DEPLOYMENT_TARGET = 9.1;
				MTL_ENABLE_DEBUG_INFO = YES;
				ONLY_ACTIVE_ARCH = YES;
				SDKROOT = iphoneos;
				SWIFT_OPTIMIZATION_LEVEL = "-Onone";
			};
			name = Debug;
		};
		8D6680FE1BC6CE56004F9A16 /* Release */ = {
			isa = XCBuildConfiguration;
			buildSettings = {
				ALWAYS_SEARCH_USER_PATHS = NO;
				CLANG_CXX_LANGUAGE_STANDARD = "gnu++0x";
				CLANG_CXX_LIBRARY = "libc++";
				CLANG_ENABLE_MODULES = YES;
				CLANG_ENABLE_OBJC_ARC = YES;
				CLANG_WARN_BOOL_CONVERSION = YES;
				CLANG_WARN_CONSTANT_CONVERSION = YES;
				CLANG_WARN_DIRECT_OBJC_ISA_USAGE = YES_ERROR;
				CLANG_WARN_EMPTY_BODY = YES;
				CLANG_WARN_ENUM_CONVERSION = YES;
				CLANG_WARN_INT_CONVERSION = YES;
				CLANG_WARN_OBJC_ROOT_CLASS = YES_ERROR;
				CLANG_WARN_UNREACHABLE_CODE = YES;
				CLANG_WARN__DUPLICATE_METHOD_MATCH = YES;
				"CODE_SIGN_IDENTITY[sdk=iphoneos*]" = "iPhone Developer";
				COPY_PHASE_STRIP = NO;
				DEBUG_INFORMATION_FORMAT = "dwarf-with-dsym";
				ENABLE_NS_ASSERTIONS = NO;
				ENABLE_STRICT_OBJC_MSGSEND = YES;
				GCC_C_LANGUAGE_STANDARD = gnu99;
				GCC_NO_COMMON_BLOCKS = YES;
				GCC_WARN_64_TO_32_BIT_CONVERSION = YES;
				GCC_WARN_ABOUT_RETURN_TYPE = YES_ERROR;
				GCC_WARN_UNDECLARED_SELECTOR = YES;
				GCC_WARN_UNINITIALIZED_AUTOS = YES_AGGRESSIVE;
				GCC_WARN_UNUSED_FUNCTION = YES;
				GCC_WARN_UNUSED_VARIABLE = YES;
				IPHONEOS_DEPLOYMENT_TARGET = 9.1;
				MTL_ENABLE_DEBUG_INFO = NO;
				SDKROOT = iphoneos;
				VALIDATE_PRODUCT = YES;
			};
			name = Release;
		};
		8D6681001BC6CE56004F9A16 /* Debug */ = {
			isa = XCBuildConfiguration;
			buildSettings = {
				ASSETCATALOG_COMPILER_APPICON_NAME = AppIcon;
				ASSETCATALOG_COMPILER_LAUNCHIMAGE_NAME = BrandAsset;
				INFOPLIST_FILE = tumblr/Info.plist;
				LD_RUNPATH_SEARCH_PATHS = "$(inherited) @executable_path/Frameworks";
				PRODUCT_BUNDLE_IDENTIFIER = com.tumblr.tumblr.tumblr;
				PRODUCT_NAME = "$(TARGET_NAME)";
			};
			name = Debug;
		};
		8D6681011BC6CE56004F9A16 /* Release */ = {
			isa = XCBuildConfiguration;
			buildSettings = {
				ASSETCATALOG_COMPILER_APPICON_NAME = AppIcon;
				ASSETCATALOG_COMPILER_LAUNCHIMAGE_NAME = BrandAsset;
				INFOPLIST_FILE = tumblr/Info.plist;
				LD_RUNPATH_SEARCH_PATHS = "$(inherited) @executable_path/Frameworks";
				PRODUCT_BUNDLE_IDENTIFIER = com.tumblr.tumblr.tumblr;
				PRODUCT_NAME = "$(TARGET_NAME)";
			};
			name = Release;
		};
		8D6681031BC6CE56004F9A16 /* Debug */ = {
			isa = XCBuildConfiguration;
			buildSettings = {
				BUNDLE_LOADER = "$(TEST_HOST)";
				INFOPLIST_FILE = tumblrTests/Info.plist;
				LD_RUNPATH_SEARCH_PATHS = "$(inherited) @executable_path/Frameworks @loader_path/Frameworks";
				PRODUCT_BUNDLE_IDENTIFIER = com.tumblr.tumblr.tumblrTests;
				PRODUCT_NAME = "$(TARGET_NAME)";
				TEST_HOST = "$(BUILT_PRODUCTS_DIR)/tumblr.app/tumblr";
			};
			name = Debug;
		};
		8D6681041BC6CE56004F9A16 /* Release */ = {
			isa = XCBuildConfiguration;
			buildSettings = {
				BUNDLE_LOADER = "$(TEST_HOST)";
				INFOPLIST_FILE = tumblrTests/Info.plist;
				LD_RUNPATH_SEARCH_PATHS = "$(inherited) @executable_path/Frameworks @loader_path/Frameworks";
				PRODUCT_BUNDLE_IDENTIFIER = com.tumblr.tumblr.tumblrTests;
				PRODUCT_NAME = "$(TARGET_NAME)";
				TEST_HOST = "$(BUILT_PRODUCTS_DIR)/tumblr.app/tumblr";
			};
			name = Release;
		};
		8D6681061BC6CE56004F9A16 /* Debug */ = {
			isa = XCBuildConfiguration;
			buildSettings = {
				INFOPLIST_FILE = tumblrUITests/Info.plist;
				LD_RUNPATH_SEARCH_PATHS = "$(inherited) @executable_path/Frameworks @loader_path/Frameworks";
				PRODUCT_BUNDLE_IDENTIFIER = com.tumblr.tumblr.tumblrUITests;
				PRODUCT_NAME = "$(TARGET_NAME)";
				TEST_TARGET_NAME = tumblr;
				USES_XCTRUNNER = YES;
			};
			name = Debug;
		};
		8D6681071BC6CE56004F9A16 /* Release */ = {
			isa = XCBuildConfiguration;
			buildSettings = {
				INFOPLIST_FILE = tumblrUITests/Info.plist;
				LD_RUNPATH_SEARCH_PATHS = "$(inherited) @executable_path/Frameworks @loader_path/Frameworks";
				PRODUCT_BUNDLE_IDENTIFIER = com.tumblr.tumblr.tumblrUITests;
				PRODUCT_NAME = "$(TARGET_NAME)";
				TEST_TARGET_NAME = tumblr;
				USES_XCTRUNNER = YES;
			};
			name = Release;
		};
/* End XCBuildConfiguration section */

/* Begin XCConfigurationList section */
		8D6680D21BC6CE56004F9A16 /* Build configuration list for PBXProject "tumblr" */ = {
			isa = XCConfigurationList;
			buildConfigurations = (
				8D6680FD1BC6CE56004F9A16 /* Debug */,
				8D6680FE1BC6CE56004F9A16 /* Release */,
			);
			defaultConfigurationIsVisible = 0;
			defaultConfigurationName = Release;
		};
		8D6680FF1BC6CE56004F9A16 /* Build configuration list for PBXNativeTarget "tumblr" */ = {
			isa = XCConfigurationList;
			buildConfigurations = (
				8D6681001BC6CE56004F9A16 /* Debug */,
				8D6681011BC6CE56004F9A16 /* Release */,
			);
			defaultConfigurationIsVisible = 0;
		};
		8D6681021BC6CE56004F9A16 /* Build configuration list for PBXNativeTarget "tumblrTests" */ = {
			isa = XCConfigurationList;
			buildConfigurations = (
				8D6681031BC6CE56004F9A16 /* Debug */,
				8D6681041BC6CE56004F9A16 /* Release */,
			);
			defaultConfigurationIsVisible = 0;
		};
		8D6681051BC6CE56004F9A16 /* Build configuration list for PBXNativeTarget "tumblrUITests" */ = {
			isa = XCConfigurationList;
			buildConfigurations = (
				8D6681061BC6CE56004F9A16 /* Debug */,
				8D6681071BC6CE56004F9A16 /* Release */,
			);
			defaultConfigurationIsVisible = 0;
		};
/* End XCConfigurationList section */
	};
	rootObject = 8D6680CF1BC6CE56004F9A16 /* Project object */;
}
